// !$*UTF8*$!
{
	archiveVersion = 1;
	classes = {
	};
	objectVersion = 56;
	objects = {

/* Begin PBXBuildFile section */
		7A0370632A5329F200FB1C54 /* CombineMoya in Frameworks */ = {isa = PBXBuildFile; productRef = 7A0370622A5329F200FB1C54 /* CombineMoya */; };
		7A0370652A5329F200FB1C54 /* Moya in Frameworks */ = {isa = PBXBuildFile; productRef = 7A0370642A5329F200FB1C54 /* Moya */; };
		7A0370672A5329F200FB1C54 /* ReactiveMoya in Frameworks */ = {isa = PBXBuildFile; productRef = 7A0370662A5329F200FB1C54 /* ReactiveMoya */; };
		7A0370692A5329F200FB1C54 /* RxMoya in Frameworks */ = {isa = PBXBuildFile; productRef = 7A0370682A5329F200FB1C54 /* RxMoya */; };
		7A03706C2A532A3D00FB1C54 /* APIservice.swift in Sources */ = {isa = PBXBuildFile; fileRef = 7A03706B2A532A3D00FB1C54 /* APIservice.swift */; };
		7A25E1092A5BC59F003517E6 /* ChatModel.swift in Sources */ = {isa = PBXBuildFile; fileRef = 7A25E1082A5BC59F003517E6 /* ChatModel.swift */; };
		7A5E7A732A52BA93001D2EAD /* IncubatorProjectApp.swift in Sources */ = {isa = PBXBuildFile; fileRef = 7A5E7A722A52BA93001D2EAD /* IncubatorProjectApp.swift */; };
		7A5E7A772A52BA94001D2EAD /* Assets.xcassets in Resources */ = {isa = PBXBuildFile; fileRef = 7A5E7A762A52BA94001D2EAD /* Assets.xcassets */; };
		7A5E7A7A2A52BA94001D2EAD /* Preview Assets.xcassets in Resources */ = {isa = PBXBuildFile; fileRef = 7A5E7A792A52BA94001D2EAD /* Preview Assets.xcassets */; };
		7A5E7ABA2A52BDD9001D2EAD /* OnBoardingScreen.swift in Sources */ = {isa = PBXBuildFile; fileRef = 7A5E7AB92A52BDD9001D2EAD /* OnBoardingScreen.swift */; };
		7A5E7ABD2A52BE30001D2EAD /* MainViewModel.swift in Sources */ = {isa = PBXBuildFile; fileRef = 7A5E7ABC2A52BE30001D2EAD /* MainViewModel.swift */; };
		7A5E7AC02A52BEE7001D2EAD /* WelcomeScreen.swift in Sources */ = {isa = PBXBuildFile; fileRef = 7A5E7ABF2A52BEE7001D2EAD /* WelcomeScreen.swift */; };
		7A5E7AC32A52BFEF001D2EAD /* RegistrationView.swift in Sources */ = {isa = PBXBuildFile; fileRef = 7A5E7AC22A52BFEF001D2EAD /* RegistrationView.swift */; };
		7A5E7AC52A52C000001D2EAD /* AuthorizationView.swift in Sources */ = {isa = PBXBuildFile; fileRef = 7A5E7AC42A52C000001D2EAD /* AuthorizationView.swift */; };
		7A5E7ACA2A52C0FE001D2EAD /* MainScreen.swift in Sources */ = {isa = PBXBuildFile; fileRef = 7A5E7AC92A52C0FE001D2EAD /* MainScreen.swift */; };
		7A5E7ACC2A52E747001D2EAD /* SettingsScreen.swift in Sources */ = {isa = PBXBuildFile; fileRef = 7A5E7ACB2A52E747001D2EAD /* SettingsScreen.swift */; };
		7A5E7ACE2A52E7FC001D2EAD /* ProfileScreen.swift in Sources */ = {isa = PBXBuildFile; fileRef = 7A5E7ACD2A52E7FC001D2EAD /* ProfileScreen.swift */; };
/* End PBXBuildFile section */

/* Begin PBXFileReference section */
		7A03706B2A532A3D00FB1C54 /* APIservice.swift */ = {isa = PBXFileReference; lastKnownFileType = sourcecode.swift; path = APIservice.swift; sourceTree = "<group>"; };
		7A25E1082A5BC59F003517E6 /* ChatModel.swift */ = {isa = PBXFileReference; lastKnownFileType = sourcecode.swift; path = ChatModel.swift; sourceTree = "<group>"; };
		7A5E7A6F2A52BA93001D2EAD /* IncubatorProject.app */ = {isa = PBXFileReference; explicitFileType = wrapper.application; includeInIndex = 0; path = IncubatorProject.app; sourceTree = BUILT_PRODUCTS_DIR; };
		7A5E7A722A52BA93001D2EAD /* IncubatorProjectApp.swift */ = {isa = PBXFileReference; lastKnownFileType = sourcecode.swift; path = IncubatorProjectApp.swift; sourceTree = "<group>"; };
		7A5E7A762A52BA94001D2EAD /* Assets.xcassets */ = {isa = PBXFileReference; lastKnownFileType = folder.assetcatalog; path = Assets.xcassets; sourceTree = "<group>"; };
		7A5E7A792A52BA94001D2EAD /* Preview Assets.xcassets */ = {isa = PBXFileReference; lastKnownFileType = folder.assetcatalog; path = "Preview Assets.xcassets"; sourceTree = "<group>"; };
		7A5E7AB92A52BDD9001D2EAD /* OnBoardingScreen.swift */ = {isa = PBXFileReference; lastKnownFileType = sourcecode.swift; path = OnBoardingScreen.swift; sourceTree = "<group>"; };
		7A5E7ABC2A52BE30001D2EAD /* MainViewModel.swift */ = {isa = PBXFileReference; lastKnownFileType = sourcecode.swift; path = MainViewModel.swift; sourceTree = "<group>"; };
		7A5E7ABF2A52BEE7001D2EAD /* WelcomeScreen.swift */ = {isa = PBXFileReference; lastKnownFileType = sourcecode.swift; path = WelcomeScreen.swift; sourceTree = "<group>"; };
		7A5E7AC22A52BFEF001D2EAD /* RegistrationView.swift */ = {isa = PBXFileReference; lastKnownFileType = sourcecode.swift; path = RegistrationView.swift; sourceTree = "<group>"; };
		7A5E7AC42A52C000001D2EAD /* AuthorizationView.swift */ = {isa = PBXFileReference; lastKnownFileType = sourcecode.swift; path = AuthorizationView.swift; sourceTree = "<group>"; };
		7A5E7AC92A52C0FE001D2EAD /* MainScreen.swift */ = {isa = PBXFileReference; lastKnownFileType = sourcecode.swift; path = MainScreen.swift; sourceTree = "<group>"; };
		7A5E7ACB2A52E747001D2EAD /* SettingsScreen.swift */ = {isa = PBXFileReference; lastKnownFileType = sourcecode.swift; path = SettingsScreen.swift; sourceTree = "<group>"; };
		7A5E7ACD2A52E7FC001D2EAD /* ProfileScreen.swift */ = {isa = PBXFileReference; lastKnownFileType = sourcecode.swift; path = ProfileScreen.swift; sourceTree = "<group>"; };
/* End PBXFileReference section */

/* Begin PBXFrameworksBuildPhase section */
		7A5E7A6C2A52BA92001D2EAD /* Frameworks */ = {
			isa = PBXFrameworksBuildPhase;
			buildActionMask = 2147483647;
			files = (
				7A0370652A5329F200FB1C54 /* Moya in Frameworks */,
				7A0370692A5329F200FB1C54 /* RxMoya in Frameworks */,
				7A0370632A5329F200FB1C54 /* CombineMoya in Frameworks */,
				7A0370672A5329F200FB1C54 /* ReactiveMoya in Frameworks */,
			);
			runOnlyForDeploymentPostprocessing = 0;
		};
/* End PBXFrameworksBuildPhase section */

/* Begin PBXGroup section */
		7A03706A2A532A1C00FB1C54 /* MoyaService */ = {
			isa = PBXGroup;
			children = (
				7A03706B2A532A3D00FB1C54 /* APIservice.swift */,
			);
			path = MoyaService;
			sourceTree = "<group>";
		};
		7A5E7A662A52BA92001D2EAD = {
			isa = PBXGroup;
			children = (
				7A5E7A712A52BA93001D2EAD /* IncubatorProject */,
				7A5E7A702A52BA93001D2EAD /* Products */,
			);
			sourceTree = "<group>";
		};
		7A5E7A702A52BA93001D2EAD /* Products */ = {
			isa = PBXGroup;
			children = (
				7A5E7A6F2A52BA93001D2EAD /* IncubatorProject.app */,
			);
			name = Products;
			sourceTree = "<group>";
		};
		7A5E7A712A52BA93001D2EAD /* IncubatorProject */ = {
			isa = PBXGroup;
			children = (
				7A5E7A722A52BA93001D2EAD /* IncubatorProjectApp.swift */,
				7A5E7AB92A52BDD9001D2EAD /* OnBoardingScreen.swift */,
				7A5E7ABE2A52BED5001D2EAD /* WelcomeScreen */,
				7A5E7AC12A52BFD9001D2EAD /* Authentication */,
				7A5E7AC82A52C0EF001D2EAD /* MainPage */,
				7A5E7ABB2A52BE20001D2EAD /* ViewModel */,
				7A03706A2A532A1C00FB1C54 /* MoyaService */,
				7A5E7A762A52BA94001D2EAD /* Assets.xcassets */,
				7A5E7A782A52BA94001D2EAD /* Preview Content */,
			);
			path = IncubatorProject;
			sourceTree = "<group>";
		};
		7A5E7A782A52BA94001D2EAD /* Preview Content */ = {
			isa = PBXGroup;
			children = (
				7A5E7A792A52BA94001D2EAD /* Preview Assets.xcassets */,
			);
			path = "Preview Content";
			sourceTree = "<group>";
		};
		7A5E7ABB2A52BE20001D2EAD /* ViewModel */ = {
			isa = PBXGroup;
			children = (
				7A5E7ABC2A52BE30001D2EAD /* MainViewModel.swift */,
				7A25E1082A5BC59F003517E6 /* ChatModel.swift */,
			);
			path = ViewModel;
			sourceTree = "<group>";
		};
		7A5E7ABE2A52BED5001D2EAD /* WelcomeScreen */ = {
			isa = PBXGroup;
			children = (
				7A5E7ABF2A52BEE7001D2EAD /* WelcomeScreen.swift */,
			);
			path = WelcomeScreen;
			sourceTree = "<group>";
		};
		7A5E7AC12A52BFD9001D2EAD /* Authentication */ = {
			isa = PBXGroup;
			children = (
				7A5E7AC22A52BFEF001D2EAD /* RegistrationView.swift */,
				7A5E7AC42A52C000001D2EAD /* AuthorizationView.swift */,
			);
			path = Authentication;
			sourceTree = "<group>";
		};
		7A5E7AC82A52C0EF001D2EAD /* MainPage */ = {
			isa = PBXGroup;
			children = (
				7A5E7AC92A52C0FE001D2EAD /* MainScreen.swift */,
				7A5E7ACB2A52E747001D2EAD /* SettingsScreen.swift */,
				7A5E7ACD2A52E7FC001D2EAD /* ProfileScreen.swift */,
			);
			path = MainPage;
			sourceTree = "<group>";
		};
/* End PBXGroup section */

/* Begin PBXNativeTarget section */
		7A5E7A6E2A52BA92001D2EAD /* IncubatorProject */ = {
			isa = PBXNativeTarget;
			buildConfigurationList = 7A5E7A7D2A52BA94001D2EAD /* Build configuration list for PBXNativeTarget "IncubatorProject" */;
			buildPhases = (
				7A5E7A6B2A52BA92001D2EAD /* Sources */,
				7A5E7A6C2A52BA92001D2EAD /* Frameworks */,
				7A5E7A6D2A52BA92001D2EAD /* Resources */,
			);
			buildRules = (
			);
			dependencies = (
			);
			name = IncubatorProject;
			packageProductDependencies = (
				7A0370622A5329F200FB1C54 /* CombineMoya */,
				7A0370642A5329F200FB1C54 /* Moya */,
				7A0370662A5329F200FB1C54 /* ReactiveMoya */,
				7A0370682A5329F200FB1C54 /* RxMoya */,
			);
			productName = IncubatorProject;
			productReference = 7A5E7A6F2A52BA93001D2EAD /* IncubatorProject.app */;
			productType = "com.apple.product-type.application";
		};
/* End PBXNativeTarget section */

/* Begin PBXProject section */
		7A5E7A672A52BA92001D2EAD /* Project object */ = {
			isa = PBXProject;
			attributes = {
				BuildIndependentTargetsInParallel = 1;
				LastSwiftUpdateCheck = 1430;
				LastUpgradeCheck = 1430;
				TargetAttributes = {
					7A5E7A6E2A52BA92001D2EAD = {
						CreatedOnToolsVersion = 14.3;
					};
				};
			};
			buildConfigurationList = 7A5E7A6A2A52BA92001D2EAD /* Build configuration list for PBXProject "IncubatorProject" */;
			compatibilityVersion = "Xcode 14.0";
			developmentRegion = en;
			hasScannedForEncodings = 0;
			knownRegions = (
				en,
				Base,
			);
			mainGroup = 7A5E7A662A52BA92001D2EAD;
			packageReferences = (
				7A0370612A5329F100FB1C54 /* XCRemoteSwiftPackageReference "Moya" */,
			);
			productRefGroup = 7A5E7A702A52BA93001D2EAD /* Products */;
			projectDirPath = "";
			projectRoot = "";
			targets = (
				7A5E7A6E2A52BA92001D2EAD /* IncubatorProject */,
			);
		};
/* End PBXProject section */

/* Begin PBXResourcesBuildPhase section */
		7A5E7A6D2A52BA92001D2EAD /* Resources */ = {
			isa = PBXResourcesBuildPhase;
			buildActionMask = 2147483647;
			files = (
				7A5E7A7A2A52BA94001D2EAD /* Preview Assets.xcassets in Resources */,
				7A5E7A772A52BA94001D2EAD /* Assets.xcassets in Resources */,
			);
			runOnlyForDeploymentPostprocessing = 0;
		};
/* End PBXResourcesBuildPhase section */

/* Begin PBXSourcesBuildPhase section */
		7A5E7A6B2A52BA92001D2EAD /* Sources */ = {
			isa = PBXSourcesBuildPhase;
			buildActionMask = 2147483647;
			files = (
				7A03706C2A532A3D00FB1C54 /* APIservice.swift in Sources */,
				7A5E7ACC2A52E747001D2EAD /* SettingsScreen.swift in Sources */,
				7A25E1092A5BC59F003517E6 /* ChatModel.swift in Sources */,
				7A5E7ACA2A52C0FE001D2EAD /* MainScreen.swift in Sources */,
				7A5E7ABA2A52BDD9001D2EAD /* OnBoardingScreen.swift in Sources */,
				7A5E7AC02A52BEE7001D2EAD /* WelcomeScreen.swift in Sources */,
				7A5E7ACE2A52E7FC001D2EAD /* ProfileScreen.swift in Sources */,
				7A5E7AC52A52C000001D2EAD /* AuthorizationView.swift in Sources */,
				7A5E7A732A52BA93001D2EAD /* IncubatorProjectApp.swift in Sources */,
				7A5E7ABD2A52BE30001D2EAD /* MainViewModel.swift in Sources */,
				7A5E7AC32A52BFEF001D2EAD /* RegistrationView.swift in Sources */,
			);
			runOnlyForDeploymentPostprocessing = 0;
		};
/* End PBXSourcesBuildPhase section */

/* Begin XCBuildConfiguration section */
		7A5E7A7B2A52BA94001D2EAD /* Debug */ = {
			isa = XCBuildConfiguration;
			buildSettings = {
				ALWAYS_SEARCH_USER_PATHS = NO;
				CLANG_ANALYZER_NONNULL = YES;
				CLANG_ANALYZER_NUMBER_OBJECT_CONVERSION = YES_AGGRESSIVE;
				CLANG_CXX_LANGUAGE_STANDARD = "gnu++20";
				CLANG_ENABLE_MODULES = YES;
				CLANG_ENABLE_OBJC_ARC = YES;
				CLANG_ENABLE_OBJC_WEAK = YES;
				CLANG_WARN_BLOCK_CAPTURE_AUTORELEASING = YES;
				CLANG_WARN_BOOL_CONVERSION = YES;
				CLANG_WARN_COMMA = YES;
				CLANG_WARN_CONSTANT_CONVERSION = YES;
				CLANG_WARN_DEPRECATED_OBJC_IMPLEMENTATIONS = YES;
				CLANG_WARN_DIRECT_OBJC_ISA_USAGE = YES_ERROR;
				CLANG_WARN_DOCUMENTATION_COMMENTS = YES;
				CLANG_WARN_EMPTY_BODY = YES;
				CLANG_WARN_ENUM_CONVERSION = YES;
				CLANG_WARN_INFINITE_RECURSION = YES;
				CLANG_WARN_INT_CONVERSION = YES;
				CLANG_WARN_NON_LITERAL_NULL_CONVERSION = YES;
				CLANG_WARN_OBJC_IMPLICIT_RETAIN_SELF = YES;
				CLANG_WARN_OBJC_LITERAL_CONVERSION = YES;
				CLANG_WARN_OBJC_ROOT_CLASS = YES_ERROR;
				CLANG_WARN_QUOTED_INCLUDE_IN_FRAMEWORK_HEADER = YES;
				CLANG_WARN_RANGE_LOOP_ANALYSIS = YES;
				CLANG_WARN_STRICT_PROTOTYPES = YES;
				CLANG_WARN_SUSPICIOUS_MOVE = YES;
				CLANG_WARN_UNGUARDED_AVAILABILITY = YES_AGGRESSIVE;
				CLANG_WARN_UNREACHABLE_CODE = YES;
				CLANG_WARN__DUPLICATE_METHOD_MATCH = YES;
				COPY_PHASE_STRIP = NO;
				DEBUG_INFORMATION_FORMAT = dwarf;
				ENABLE_STRICT_OBJC_MSGSEND = YES;
				ENABLE_TESTABILITY = YES;
				GCC_C_LANGUAGE_STANDARD = gnu11;
				GCC_DYNAMIC_NO_PIC = NO;
				GCC_NO_COMMON_BLOCKS = YES;
				GCC_OPTIMIZATION_LEVEL = 0;
				GCC_PREPROCESSOR_DEFINITIONS = (
					"DEBUG=1",
					"$(inherited)",
				);
				GCC_WARN_64_TO_32_BIT_CONVERSION = YES;
				GCC_WARN_ABOUT_RETURN_TYPE = YES_ERROR;
				GCC_WARN_UNDECLARED_SELECTOR = YES;
				GCC_WARN_UNINITIALIZED_AUTOS = YES_AGGRESSIVE;
				GCC_WARN_UNUSED_FUNCTION = YES;
				GCC_WARN_UNUSED_VARIABLE = YES;
				IPHONEOS_DEPLOYMENT_TARGET = 16.4;
				MTL_ENABLE_DEBUG_INFO = INCLUDE_SOURCE;
				MTL_FAST_MATH = YES;
				ONLY_ACTIVE_ARCH = YES;
				SDKROOT = iphoneos;
				SWIFT_ACTIVE_COMPILATION_CONDITIONS = DEBUG;
				SWIFT_OPTIMIZATION_LEVEL = "-Onone";
			};
			name = Debug;
		};
		7A5E7A7C2A52BA94001D2EAD /* Release */ = {
			isa = XCBuildConfiguration;
			buildSettings = {
				ALWAYS_SEARCH_USER_PATHS = NO;
				CLANG_ANALYZER_NONNULL = YES;
				CLANG_ANALYZER_NUMBER_OBJECT_CONVERSION = YES_AGGRESSIVE;
				CLANG_CXX_LANGUAGE_STANDARD = "gnu++20";
				CLANG_ENABLE_MODULES = YES;
				CLANG_ENABLE_OBJC_ARC = YES;
				CLANG_ENABLE_OBJC_WEAK = YES;
				CLANG_WARN_BLOCK_CAPTURE_AUTORELEASING = YES;
				CLANG_WARN_BOOL_CONVERSION = YES;
				CLANG_WARN_COMMA = YES;
				CLANG_WARN_CONSTANT_CONVERSION = YES;
				CLANG_WARN_DEPRECATED_OBJC_IMPLEMENTATIONS = YES;
				CLANG_WARN_DIRECT_OBJC_ISA_USAGE = YES_ERROR;
				CLANG_WARN_DOCUMENTATION_COMMENTS = YES;
				CLANG_WARN_EMPTY_BODY = YES;
				CLANG_WARN_ENUM_CONVERSION = YES;
				CLANG_WARN_INFINITE_RECURSION = YES;
				CLANG_WARN_INT_CONVERSION = YES;
				CLANG_WARN_NON_LITERAL_NULL_CONVERSION = YES;
				CLANG_WARN_OBJC_IMPLICIT_RETAIN_SELF = YES;
				CLANG_WARN_OBJC_LITERAL_CONVERSION = YES;
				CLANG_WARN_OBJC_ROOT_CLASS = YES_ERROR;
				CLANG_WARN_QUOTED_INCLUDE_IN_FRAMEWORK_HEADER = YES;
				CLANG_WARN_RANGE_LOOP_ANALYSIS = YES;
				CLANG_WARN_STRICT_PROTOTYPES = YES;
				CLANG_WARN_SUSPICIOUS_MOVE = YES;
				CLANG_WARN_UNGUARDED_AVAILABILITY = YES_AGGRESSIVE;
				CLANG_WARN_UNREACHABLE_CODE = YES;
				CLANG_WARN__DUPLICATE_METHOD_MATCH = YES;
				COPY_PHASE_STRIP = NO;
				DEBUG_INFORMATION_FORMAT = "dwarf-with-dsym";
				ENABLE_NS_ASSERTIONS = NO;
				ENABLE_STRICT_OBJC_MSGSEND = YES;
				GCC_C_LANGUAGE_STANDARD = gnu11;
				GCC_NO_COMMON_BLOCKS = YES;
				GCC_WARN_64_TO_32_BIT_CONVERSION = YES;
				GCC_WARN_ABOUT_RETURN_TYPE = YES_ERROR;
				GCC_WARN_UNDECLARED_SELECTOR = YES;
				GCC_WARN_UNINITIALIZED_AUTOS = YES_AGGRESSIVE;
				GCC_WARN_UNUSED_FUNCTION = YES;
				GCC_WARN_UNUSED_VARIABLE = YES;
				IPHONEOS_DEPLOYMENT_TARGET = 16.4;
				MTL_ENABLE_DEBUG_INFO = NO;
				MTL_FAST_MATH = YES;
				SDKROOT = iphoneos;
				SWIFT_COMPILATION_MODE = wholemodule;
				SWIFT_OPTIMIZATION_LEVEL = "-O";
				VALIDATE_PRODUCT = YES;
			};
			name = Release;
		};
		7A5E7A7E2A52BA94001D2EAD /* Debug */ = {
			isa = XCBuildConfiguration;
			buildSettings = {
				ASSETCATALOG_COMPILER_APPICON_NAME = AppIcon;
				ASSETCATALOG_COMPILER_GLOBAL_ACCENT_COLOR_NAME = AccentColor;
				CODE_SIGN_STYLE = Automatic;
				CURRENT_PROJECT_VERSION = 1;
				DEVELOPMENT_ASSET_PATHS = "\"IncubatorProject/Preview Content\"";
				DEVELOPMENT_TEAM = A6SAQ5UGJF;
				ENABLE_PREVIEWS = YES;
				GENERATE_INFOPLIST_FILE = YES;
				INFOPLIST_KEY_UIApplicationSceneManifest_Generation = YES;
				INFOPLIST_KEY_UIApplicationSupportsIndirectInputEvents = YES;
				INFOPLIST_KEY_UILaunchScreen_Generation = YES;
				INFOPLIST_KEY_UISupportedInterfaceOrientations_iPad = "UIInterfaceOrientationPortrait UIInterfaceOrientationPortraitUpsideDown UIInterfaceOrientationLandscapeLeft UIInterfaceOrientationLandscapeRight";
				INFOPLIST_KEY_UISupportedInterfaceOrientations_iPhone = "UIInterfaceOrientationPortrait UIInterfaceOrientationLandscapeLeft UIInterfaceOrientationLandscapeRight";
				LD_RUNPATH_SEARCH_PATHS = (
					"$(inherited)",
					"@executable_path/Frameworks",
				);
				MARKETING_VERSION = 1.0;
				PRODUCT_BUNDLE_IDENTIFIER = asd.IncubatorProject;
				PRODUCT_NAME = "$(TARGET_NAME)";
				SWIFT_EMIT_LOC_STRINGS = YES;
				SWIFT_VERSION = 5.0;
				TARGETED_DEVICE_FAMILY = "1,2";
			};
			name = Debug;
		};
		7A5E7A7F2A52BA94001D2EAD /* Release */ = {
			isa = XCBuildConfiguration;
			buildSettings = {
				ASSETCATALOG_COMPILER_APPICON_NAME = AppIcon;
				ASSETCATALOG_COMPILER_GLOBAL_ACCENT_COLOR_NAME = AccentColor;
				CODE_SIGN_STYLE = Automatic;
				CURRENT_PROJECT_VERSION = 1;
				DEVELOPMENT_ASSET_PATHS = "\"IncubatorProject/Preview Content\"";
				DEVELOPMENT_TEAM = A6SAQ5UGJF;
				ENABLE_PREVIEWS = YES;
				GENERATE_INFOPLIST_FILE = YES;
				INFOPLIST_KEY_UIApplicationSceneManifest_Generation = YES;
				INFOPLIST_KEY_UIApplicationSupportsIndirectInputEvents = YES;
				INFOPLIST_KEY_UILaunchScreen_Generation = YES;
				INFOPLIST_KEY_UISupportedInterfaceOrientations_iPad = "UIInterfaceOrientationPortrait UIInterfaceOrientationPortraitUpsideDown UIInterfaceOrientationLandscapeLeft UIInterfaceOrientationLandscapeRight";
				INFOPLIST_KEY_UISupportedInterfaceOrientations_iPhone = "UIInterfaceOrientationPortrait UIInterfaceOrientationLandscapeLeft UIInterfaceOrientationLandscapeRight";
				LD_RUNPATH_SEARCH_PATHS = (
					"$(inherited)",
					"@executable_path/Frameworks",
				);
				MARKETING_VERSION = 1.0;
				PRODUCT_BUNDLE_IDENTIFIER = asd.IncubatorProject;
				PRODUCT_NAME = "$(TARGET_NAME)";
				SWIFT_EMIT_LOC_STRINGS = YES;
				SWIFT_VERSION = 5.0;
				TARGETED_DEVICE_FAMILY = "1,2";
			};
			name = Release;
		};
/* End XCBuildConfiguration section */

/* Begin XCConfigurationList section */
		7A5E7A6A2A52BA92001D2EAD /* Build configuration list for PBXProject "IncubatorProject" */ = {
			isa = XCConfigurationList;
			buildConfigurations = (
				7A5E7A7B2A52BA94001D2EAD /* Debug */,
				7A5E7A7C2A52BA94001D2EAD /* Release */,
			);
			defaultConfigurationIsVisible = 0;
			defaultConfigurationName = Release;
		};
		7A5E7A7D2A52BA94001D2EAD /* Build configuration list for PBXNativeTarget "IncubatorProject" */ = {
			isa = XCConfigurationList;
			buildConfigurations = (
				7A5E7A7E2A52BA94001D2EAD /* Debug */,
				7A5E7A7F2A52BA94001D2EAD /* Release */,
			);
			defaultConfigurationIsVisible = 0;
			defaultConfigurationName = Release;
		};
/* End XCConfigurationList section */

/* Begin XCRemoteSwiftPackageReference section */
		7A0370612A5329F100FB1C54 /* XCRemoteSwiftPackageReference "Moya" */ = {
			isa = XCRemoteSwiftPackageReference;
			repositoryURL = "https://github.com/Moya/Moya.git";
			requirement = {
				kind = upToNextMajorVersion;
				minimumVersion = 15.0.0;
			};
		};
/* End XCRemoteSwiftPackageReference section */

/* Begin XCSwiftPackageProductDependency section */
		7A0370622A5329F200FB1C54 /* CombineMoya */ = {
			isa = XCSwiftPackageProductDependency;
			package = 7A0370612A5329F100FB1C54 /* XCRemoteSwiftPackageReference "Moya" */;
			productName = CombineMoya;
		};
		7A0370642A5329F200FB1C54 /* Moya */ = {
			isa = XCSwiftPackageProductDependency;
			package = 7A0370612A5329F100FB1C54 /* XCRemoteSwiftPackageReference "Moya" */;
			productName = Moya;
		};
		7A0370662A5329F200FB1C54 /* ReactiveMoya */ = {
			isa = XCSwiftPackageProductDependency;
			package = 7A0370612A5329F100FB1C54 /* XCRemoteSwiftPackageReference "Moya" */;
			productName = ReactiveMoya;
		};
		7A0370682A5329F200FB1C54 /* RxMoya */ = {
			isa = XCSwiftPackageProductDependency;
			package = 7A0370612A5329F100FB1C54 /* XCRemoteSwiftPackageReference "Moya" */;
			productName = RxMoya;
		};
/* End XCSwiftPackageProductDependency section */
	};
	rootObject = 7A5E7A672A52BA92001D2EAD /* Project object */;
}
