// !$*UTF8*$!
{
	archiveVersion = 1;
	classes = {
	};
	objectVersion = 56;
	objects = {

/* Begin PBXBuildFile section */
		7A0370632A5329F200FB1C54 /* CombineMoya in Frameworks */ = {isa = PBXBuildFile; productRef = 7A0370622A5329F200FB1C54 /* CombineMoya */; };
		7A0370652A5329F200FB1C54 /* Moya in Frameworks */ = {isa = PBXBuildFile; productRef = 7A0370642A5329F200FB1C54 /* Moya */; };
		7A0370672A5329F200FB1C54 /* ReactiveMoya in Frameworks */ = {isa = PBXBuildFile; productRef = 7A0370662A5329F200FB1C54 /* ReactiveMoya */; };
		7A0370692A5329F200FB1C54 /* RxMoya in Frameworks */ = {isa = PBXBuildFile; productRef = 7A0370682A5329F200FB1C54 /* RxMoya */; };
		7A03706C2A532A3D00FB1C54 /* APIservice.swift in Sources */ = {isa = PBXBuildFile; fileRef = 7A03706B2A532A3D00FB1C54 /* APIservice.swift */; };
		7A3DD8AC2A655B650089DBCC /* CustomTextField.swift in Sources */ = {isa = PBXBuildFile; fileRef = 7A3DD8AB2A655B650089DBCC /* CustomTextField.swift */; };
		7A3DD8B02A67C3D10089DBCC /* iPhoneNumberField in Frameworks */ = {isa = PBXBuildFile; productRef = 7A3DD8AF2A67C3D10089DBCC /* iPhoneNumberField */; };
		7A4824952A69506500673BA2 /* CititesView.swift in Sources */ = {isa = PBXBuildFile; fileRef = 7A4824942A69506500673BA2 /* CititesView.swift */; };
		7A5E7A732A52BA93001D2EAD /* IncubatorProjectApp.swift in Sources */ = {isa = PBXBuildFile; fileRef = 7A5E7A722A52BA93001D2EAD /* IncubatorProjectApp.swift */; };
		7A5E7A772A52BA94001D2EAD /* Assets.xcassets in Resources */ = {isa = PBXBuildFile; fileRef = 7A5E7A762A52BA94001D2EAD /* Assets.xcassets */; };
		7A5E7A7A2A52BA94001D2EAD /* Preview Assets.xcassets in Resources */ = {isa = PBXBuildFile; fileRef = 7A5E7A792A52BA94001D2EAD /* Preview Assets.xcassets */; };
		7A5E7ABA2A52BDD9001D2EAD /* OnBoardingScreen.swift in Sources */ = {isa = PBXBuildFile; fileRef = 7A5E7AB92A52BDD9001D2EAD /* OnBoardingScreen.swift */; };
		7A5E7ABD2A52BE30001D2EAD /* MainViewModel.swift in Sources */ = {isa = PBXBuildFile; fileRef = 7A5E7ABC2A52BE30001D2EAD /* MainViewModel.swift */; };
		7A5E7AC02A52BEE7001D2EAD /* WelcomeScreen.swift in Sources */ = {isa = PBXBuildFile; fileRef = 7A5E7ABF2A52BEE7001D2EAD /* WelcomeScreen.swift */; };
		7A5E7ACA2A52C0FE001D2EAD /* MainScreen.swift in Sources */ = {isa = PBXBuildFile; fileRef = 7A5E7AC92A52C0FE001D2EAD /* MainScreen.swift */; };
		7A5E7ACC2A52E747001D2EAD /* FavouritesScreen.swift in Sources */ = {isa = PBXBuildFile; fileRef = 7A5E7ACB2A52E747001D2EAD /* FavouritesScreen.swift */; };
		7A5E7ACE2A52E7FC001D2EAD /* ProfileScreen.swift in Sources */ = {isa = PBXBuildFile; fileRef = 7A5E7ACD2A52E7FC001D2EAD /* ProfileScreen.swift */; };
		7A6EFDA82A5FB98B002A4E85 /* FavouriteModel.swift in Sources */ = {isa = PBXBuildFile; fileRef = 7A6EFDA72A5FB98B002A4E85 /* FavouriteModel.swift */; };
		7A6F4F3F2A5D1DDF00653EFC /* String Extension.swift in Sources */ = {isa = PBXBuildFile; fileRef = 7A6F4F3E2A5D1DDF00653EFC /* String Extension.swift */; };
		7A6F4F412A5D341600653EFC /* GoogleService-Info.plist in Resources */ = {isa = PBXBuildFile; fileRef = 7A6F4F402A5D341600653EFC /* GoogleService-Info.plist */; };
		7A6F4F442A5D350C00653EFC /* FirebaseAnalytics in Frameworks */ = {isa = PBXBuildFile; productRef = 7A6F4F432A5D350C00653EFC /* FirebaseAnalytics */; };
		7A6F4F462A5D350C00653EFC /* FirebaseAnalyticsOnDeviceConversion in Frameworks */ = {isa = PBXBuildFile; productRef = 7A6F4F452A5D350C00653EFC /* FirebaseAnalyticsOnDeviceConversion */; };
		7A6F4F482A5D350C00653EFC /* FirebaseAnalyticsSwift in Frameworks */ = {isa = PBXBuildFile; productRef = 7A6F4F472A5D350C00653EFC /* FirebaseAnalyticsSwift */; };
		7A6F4F4A2A5D350C00653EFC /* FirebaseAnalyticsWithoutAdIdSupport in Frameworks */ = {isa = PBXBuildFile; productRef = 7A6F4F492A5D350C00653EFC /* FirebaseAnalyticsWithoutAdIdSupport */; };
		7A6F4F4C2A5D350C00653EFC /* FirebaseAppCheck in Frameworks */ = {isa = PBXBuildFile; productRef = 7A6F4F4B2A5D350C00653EFC /* FirebaseAppCheck */; };
		7A6F4F4E2A5D350C00653EFC /* FirebaseAppDistribution-Beta in Frameworks */ = {isa = PBXBuildFile; productRef = 7A6F4F4D2A5D350C00653EFC /* FirebaseAppDistribution-Beta */; };
		7A6F4F502A5D350C00653EFC /* FirebaseAuth in Frameworks */ = {isa = PBXBuildFile; productRef = 7A6F4F4F2A5D350C00653EFC /* FirebaseAuth */; };
		7A6F4F522A5D350C00653EFC /* FirebaseAuthCombine-Community in Frameworks */ = {isa = PBXBuildFile; productRef = 7A6F4F512A5D350C00653EFC /* FirebaseAuthCombine-Community */; };
		7A6F4F542A5D350C00653EFC /* FirebaseCrashlytics in Frameworks */ = {isa = PBXBuildFile; productRef = 7A6F4F532A5D350C00653EFC /* FirebaseCrashlytics */; };
		7A6F4F562A5D350C00653EFC /* FirebaseDatabase in Frameworks */ = {isa = PBXBuildFile; productRef = 7A6F4F552A5D350C00653EFC /* FirebaseDatabase */; };
		7A6F4F582A5D350C00653EFC /* FirebaseDatabaseSwift in Frameworks */ = {isa = PBXBuildFile; productRef = 7A6F4F572A5D350C00653EFC /* FirebaseDatabaseSwift */; };
		7A6F4F5A2A5D350C00653EFC /* FirebaseDynamicLinks in Frameworks */ = {isa = PBXBuildFile; productRef = 7A6F4F592A5D350C00653EFC /* FirebaseDynamicLinks */; };
		7A6F4F5C2A5D350C00653EFC /* FirebaseFirestore in Frameworks */ = {isa = PBXBuildFile; productRef = 7A6F4F5B2A5D350C00653EFC /* FirebaseFirestore */; };
		7A6F4F5E2A5D350C00653EFC /* FirebaseFirestoreCombine-Community in Frameworks */ = {isa = PBXBuildFile; productRef = 7A6F4F5D2A5D350C00653EFC /* FirebaseFirestoreCombine-Community */; };
		7A6F4F602A5D350C00653EFC /* FirebaseFirestoreSwift in Frameworks */ = {isa = PBXBuildFile; productRef = 7A6F4F5F2A5D350C00653EFC /* FirebaseFirestoreSwift */; };
		7A6F4F622A5D350C00653EFC /* FirebaseFunctions in Frameworks */ = {isa = PBXBuildFile; productRef = 7A6F4F612A5D350C00653EFC /* FirebaseFunctions */; };
		7A6F4F642A5D350C00653EFC /* FirebaseFunctionsCombine-Community in Frameworks */ = {isa = PBXBuildFile; productRef = 7A6F4F632A5D350C00653EFC /* FirebaseFunctionsCombine-Community */; };
		7A6F4F662A5D350C00653EFC /* FirebaseInAppMessaging-Beta in Frameworks */ = {isa = PBXBuildFile; productRef = 7A6F4F652A5D350C00653EFC /* FirebaseInAppMessaging-Beta */; };
		7A6F4F682A5D350C00653EFC /* FirebaseInAppMessagingSwift-Beta in Frameworks */ = {isa = PBXBuildFile; productRef = 7A6F4F672A5D350C00653EFC /* FirebaseInAppMessagingSwift-Beta */; };
		7A6F4F6A2A5D350C00653EFC /* FirebaseInstallations in Frameworks */ = {isa = PBXBuildFile; productRef = 7A6F4F692A5D350C00653EFC /* FirebaseInstallations */; };
		7A6F4F6C2A5D350C00653EFC /* FirebaseMLModelDownloader in Frameworks */ = {isa = PBXBuildFile; productRef = 7A6F4F6B2A5D350C00653EFC /* FirebaseMLModelDownloader */; };
		7A6F4F6E2A5D350C00653EFC /* FirebaseMessaging in Frameworks */ = {isa = PBXBuildFile; productRef = 7A6F4F6D2A5D350C00653EFC /* FirebaseMessaging */; };
		7A6F4F702A5D350C00653EFC /* FirebasePerformance in Frameworks */ = {isa = PBXBuildFile; productRef = 7A6F4F6F2A5D350C00653EFC /* FirebasePerformance */; };
		7A6F4F722A5D350C00653EFC /* FirebaseRemoteConfig in Frameworks */ = {isa = PBXBuildFile; productRef = 7A6F4F712A5D350C00653EFC /* FirebaseRemoteConfig */; };
		7A6F4F742A5D350C00653EFC /* FirebaseRemoteConfigSwift in Frameworks */ = {isa = PBXBuildFile; productRef = 7A6F4F732A5D350C00653EFC /* FirebaseRemoteConfigSwift */; };
		7A6F4F762A5D350C00653EFC /* FirebaseStorage in Frameworks */ = {isa = PBXBuildFile; productRef = 7A6F4F752A5D350C00653EFC /* FirebaseStorage */; };
		7A6F4F782A5D350C00653EFC /* FirebaseStorageCombine-Community in Frameworks */ = {isa = PBXBuildFile; productRef = 7A6F4F772A5D350C00653EFC /* FirebaseStorageCombine-Community */; };
		7AA275E62A5C1EF600817D35 /* AccountInformationView.swift in Sources */ = {isa = PBXBuildFile; fileRef = 7AA275E52A5C1EF600817D35 /* AccountInformationView.swift */; };
		7AA275E82A5C1FF200817D35 /* SubscriptionView.swift in Sources */ = {isa = PBXBuildFile; fileRef = 7AA275E72A5C1FF200817D35 /* SubscriptionView.swift */; };
		7AA5F9EA2A6F8C250030ED44 /* OnBoarding2.swift in Sources */ = {isa = PBXBuildFile; fileRef = 7AA5F9E92A6F8C250030ED44 /* OnBoarding2.swift */; };
		7AB853602A5EFEF100900F15 /* MessageModel.swift in Sources */ = {isa = PBXBuildFile; fileRef = 7AB8535F2A5EFEF100900F15 /* MessageModel.swift */; };
/* End PBXBuildFile section */

/* Begin PBXFileReference section */
		7A03706B2A532A3D00FB1C54 /* APIservice.swift */ = {isa = PBXFileReference; lastKnownFileType = sourcecode.swift; path = APIservice.swift; sourceTree = "<group>"; };
		7A3DD8AB2A655B650089DBCC /* CustomTextField.swift */ = {isa = PBXFileReference; lastKnownFileType = sourcecode.swift; path = CustomTextField.swift; sourceTree = "<group>"; };
		7A3DD8AD2A65D3F30089DBCC /* Info.plist */ = {isa = PBXFileReference; lastKnownFileType = text.plist; path = Info.plist; sourceTree = "<group>"; };
		7A4824942A69506500673BA2 /* CititesView.swift */ = {isa = PBXFileReference; lastKnownFileType = sourcecode.swift; path = CititesView.swift; sourceTree = "<group>"; };
		7A5E7A6F2A52BA93001D2EAD /* IncubatorProject.app */ = {isa = PBXFileReference; explicitFileType = wrapper.application; includeInIndex = 0; path = IncubatorProject.app; sourceTree = BUILT_PRODUCTS_DIR; };
		7A5E7A722A52BA93001D2EAD /* IncubatorProjectApp.swift */ = {isa = PBXFileReference; lastKnownFileType = sourcecode.swift; path = IncubatorProjectApp.swift; sourceTree = "<group>"; };
		7A5E7A762A52BA94001D2EAD /* Assets.xcassets */ = {isa = PBXFileReference; lastKnownFileType = folder.assetcatalog; path = Assets.xcassets; sourceTree = "<group>"; };
		7A5E7A792A52BA94001D2EAD /* Preview Assets.xcassets */ = {isa = PBXFileReference; lastKnownFileType = folder.assetcatalog; path = "Preview Assets.xcassets"; sourceTree = "<group>"; };
		7A5E7AB92A52BDD9001D2EAD /* OnBoardingScreen.swift */ = {isa = PBXFileReference; lastKnownFileType = sourcecode.swift; path = OnBoardingScreen.swift; sourceTree = "<group>"; };
		7A5E7ABC2A52BE30001D2EAD /* MainViewModel.swift */ = {isa = PBXFileReference; lastKnownFileType = sourcecode.swift; path = MainViewModel.swift; sourceTree = "<group>"; };
		7A5E7ABF2A52BEE7001D2EAD /* WelcomeScreen.swift */ = {isa = PBXFileReference; lastKnownFileType = sourcecode.swift; path = WelcomeScreen.swift; sourceTree = "<group>"; };
		7A5E7AC92A52C0FE001D2EAD /* MainScreen.swift */ = {isa = PBXFileReference; lastKnownFileType = sourcecode.swift; path = MainScreen.swift; sourceTree = "<group>"; };
		7A5E7ACB2A52E747001D2EAD /* FavouritesScreen.swift */ = {isa = PBXFileReference; lastKnownFileType = sourcecode.swift; path = FavouritesScreen.swift; sourceTree = "<group>"; };
		7A5E7ACD2A52E7FC001D2EAD /* ProfileScreen.swift */ = {isa = PBXFileReference; lastKnownFileType = sourcecode.swift; path = ProfileScreen.swift; sourceTree = "<group>"; };
		7A6EFDA72A5FB98B002A4E85 /* FavouriteModel.swift */ = {isa = PBXFileReference; lastKnownFileType = sourcecode.swift; path = FavouriteModel.swift; sourceTree = "<group>"; };
		7A6F4F3E2A5D1DDF00653EFC /* String Extension.swift */ = {isa = PBXFileReference; lastKnownFileType = sourcecode.swift; path = "String Extension.swift"; sourceTree = "<group>"; };
		7A6F4F402A5D341600653EFC /* GoogleService-Info.plist */ = {isa = PBXFileReference; fileEncoding = 4; lastKnownFileType = text.plist.xml; path = "GoogleService-Info.plist"; sourceTree = "<group>"; };
		7AA275E52A5C1EF600817D35 /* AccountInformationView.swift */ = {isa = PBXFileReference; lastKnownFileType = sourcecode.swift; path = AccountInformationView.swift; sourceTree = "<group>"; };
		7AA275E72A5C1FF200817D35 /* SubscriptionView.swift */ = {isa = PBXFileReference; lastKnownFileType = sourcecode.swift; path = SubscriptionView.swift; sourceTree = "<group>"; };
		7AA5F9E92A6F8C250030ED44 /* OnBoarding2.swift */ = {isa = PBXFileReference; lastKnownFileType = sourcecode.swift; path = OnBoarding2.swift; sourceTree = "<group>"; };
		7AB8535F2A5EFEF100900F15 /* MessageModel.swift */ = {isa = PBXFileReference; lastKnownFileType = sourcecode.swift; path = MessageModel.swift; sourceTree = "<group>"; };
/* End PBXFileReference section */

/* Begin PBXFrameworksBuildPhase section */
		7A5E7A6C2A52BA92001D2EAD /* Frameworks */ = {
			isa = PBXFrameworksBuildPhase;
			buildActionMask = 2147483647;
			files = (
				7A6F4F582A5D350C00653EFC /* FirebaseDatabaseSwift in Frameworks */,
				7A3DD8B02A67C3D10089DBCC /* iPhoneNumberField in Frameworks */,
				7A0370652A5329F200FB1C54 /* Moya in Frameworks */,
				7A6F4F702A5D350C00653EFC /* FirebasePerformance in Frameworks */,
				7A6F4F722A5D350C00653EFC /* FirebaseRemoteConfig in Frameworks */,
				7A6F4F462A5D350C00653EFC /* FirebaseAnalyticsOnDeviceConversion in Frameworks */,
				7A6F4F6A2A5D350C00653EFC /* FirebaseInstallations in Frameworks */,
				7A6F4F5E2A5D350C00653EFC /* FirebaseFirestoreCombine-Community in Frameworks */,
				7A6F4F682A5D350C00653EFC /* FirebaseInAppMessagingSwift-Beta in Frameworks */,
				7A0370692A5329F200FB1C54 /* RxMoya in Frameworks */,
				7A6F4F6C2A5D350C00653EFC /* FirebaseMLModelDownloader in Frameworks */,
				7A6F4F6E2A5D350C00653EFC /* FirebaseMessaging in Frameworks */,
				7A6F4F602A5D350C00653EFC /* FirebaseFirestoreSwift in Frameworks */,
				7A6F4F5C2A5D350C00653EFC /* FirebaseFirestore in Frameworks */,
				7A6F4F622A5D350C00653EFC /* FirebaseFunctions in Frameworks */,
				7A0370632A5329F200FB1C54 /* CombineMoya in Frameworks */,
				7A6F4F482A5D350C00653EFC /* FirebaseAnalyticsSwift in Frameworks */,
				7A6F4F442A5D350C00653EFC /* FirebaseAnalytics in Frameworks */,
				7A0370672A5329F200FB1C54 /* ReactiveMoya in Frameworks */,
				7A6F4F522A5D350C00653EFC /* FirebaseAuthCombine-Community in Frameworks */,
				7A6F4F502A5D350C00653EFC /* FirebaseAuth in Frameworks */,
				7A6F4F642A5D350C00653EFC /* FirebaseFunctionsCombine-Community in Frameworks */,
				7A6F4F542A5D350C00653EFC /* FirebaseCrashlytics in Frameworks */,
				7A6F4F5A2A5D350C00653EFC /* FirebaseDynamicLinks in Frameworks */,
				7A6F4F762A5D350C00653EFC /* FirebaseStorage in Frameworks */,
				7A6F4F662A5D350C00653EFC /* FirebaseInAppMessaging-Beta in Frameworks */,
				7A6F4F742A5D350C00653EFC /* FirebaseRemoteConfigSwift in Frameworks */,
				7A6F4F4E2A5D350C00653EFC /* FirebaseAppDistribution-Beta in Frameworks */,
				7A6F4F782A5D350C00653EFC /* FirebaseStorageCombine-Community in Frameworks */,
				7A6F4F4C2A5D350C00653EFC /* FirebaseAppCheck in Frameworks */,
				7A6F4F562A5D350C00653EFC /* FirebaseDatabase in Frameworks */,
				7A6F4F4A2A5D350C00653EFC /* FirebaseAnalyticsWithoutAdIdSupport in Frameworks */,
			);
			runOnlyForDeploymentPostprocessing = 0;
		};
/* End PBXFrameworksBuildPhase section */

/* Begin PBXGroup section */
		7A03706A2A532A1C00FB1C54 /* MoyaService */ = {
			isa = PBXGroup;
			children = (
				7A03706B2A532A3D00FB1C54 /* APIservice.swift */,
			);
			path = MoyaService;
			sourceTree = "<group>";
		};
		7A5E7A662A52BA92001D2EAD = {
			isa = PBXGroup;
			children = (
				7A5E7A712A52BA93001D2EAD /* IncubatorProject */,
				7A5E7A702A52BA93001D2EAD /* Products */,
			);
			sourceTree = "<group>";
		};
		7A5E7A702A52BA93001D2EAD /* Products */ = {
			isa = PBXGroup;
			children = (
				7A5E7A6F2A52BA93001D2EAD /* IncubatorProject.app */,
			);
			name = Products;
			sourceTree = "<group>";
		};
		7A5E7A712A52BA93001D2EAD /* IncubatorProject */ = {
			isa = PBXGroup;
			children = (
				7A3DD8AD2A65D3F30089DBCC /* Info.plist */,
				7A5E7A722A52BA93001D2EAD /* IncubatorProjectApp.swift */,
				7AA5F9E82A6F8C0A0030ED44 /* OnBoarding */,
				7AB8535E2A5EFEE800900F15 /* Models */,
				7A5E7ABE2A52BED5001D2EAD /* WelcomeScreen */,
				7A5E7AC82A52C0EF001D2EAD /* MainPage */,
				7AA275E42A5C1ED100817D35 /* ProfileViews */,
				7A5E7ABB2A52BE20001D2EAD /* ViewModel */,
				7A03706A2A532A1C00FB1C54 /* MoyaService */,
				7A6F4F3D2A5D1DC800653EFC /* Extensions */,
				7A5E7A762A52BA94001D2EAD /* Assets.xcassets */,
				7A6F4F402A5D341600653EFC /* GoogleService-Info.plist */,
				7A5E7A782A52BA94001D2EAD /* Preview Content */,
			);
			path = IncubatorProject;
			sourceTree = "<group>";
		};
		7A5E7A782A52BA94001D2EAD /* Preview Content */ = {
			isa = PBXGroup;
			children = (
				7A5E7A792A52BA94001D2EAD /* Preview Assets.xcassets */,
			);
			path = "Preview Content";
			sourceTree = "<group>";
		};
		7A5E7ABB2A52BE20001D2EAD /* ViewModel */ = {
			isa = PBXGroup;
			children = (
				7A5E7ABC2A52BE30001D2EAD /* MainViewModel.swift */,
			);
			path = ViewModel;
			sourceTree = "<group>";
		};
		7A5E7ABE2A52BED5001D2EAD /* WelcomeScreen */ = {
			isa = PBXGroup;
			children = (
				7A5E7ABF2A52BEE7001D2EAD /* WelcomeScreen.swift */,
				7A3DD8AB2A655B650089DBCC /* CustomTextField.swift */,
			);
			path = WelcomeScreen;
			sourceTree = "<group>";
		};
		7A5E7AC82A52C0EF001D2EAD /* MainPage */ = {
			isa = PBXGroup;
			children = (
				7A5E7AC92A52C0FE001D2EAD /* MainScreen.swift */,
				7A4824942A69506500673BA2 /* CititesView.swift */,
				7A5E7ACB2A52E747001D2EAD /* FavouritesScreen.swift */,
				7A5E7ACD2A52E7FC001D2EAD /* ProfileScreen.swift */,
			);
			path = MainPage;
			sourceTree = "<group>";
		};
		7A6F4F3D2A5D1DC800653EFC /* Extensions */ = {
			isa = PBXGroup;
			children = (
				7A6F4F3E2A5D1DDF00653EFC /* String Extension.swift */,
			);
			path = Extensions;
			sourceTree = "<group>";
		};
		7AA275E42A5C1ED100817D35 /* ProfileViews */ = {
			isa = PBXGroup;
			children = (
				7AA275E52A5C1EF600817D35 /* AccountInformationView.swift */,
				7AA275E72A5C1FF200817D35 /* SubscriptionView.swift */,
			);
			path = ProfileViews;
			sourceTree = "<group>";
		};
		7AA5F9E82A6F8C0A0030ED44 /* OnBoarding */ = {
			isa = PBXGroup;
			children = (
				7A5E7AB92A52BDD9001D2EAD /* OnBoardingScreen.swift */,
				7AA5F9E92A6F8C250030ED44 /* OnBoarding2.swift */,
			);
			path = OnBoarding;
			sourceTree = "<group>";
		};
		7AB8535E2A5EFEE800900F15 /* Models */ = {
			isa = PBXGroup;
			children = (
				7AB8535F2A5EFEF100900F15 /* MessageModel.swift */,
				7A6EFDA72A5FB98B002A4E85 /* FavouriteModel.swift */,
			);
			path = Models;
			sourceTree = "<group>";
		};
/* End PBXGroup section */

/* Begin PBXNativeTarget section */
		7A5E7A6E2A52BA92001D2EAD /* IncubatorProject */ = {
			isa = PBXNativeTarget;
			buildConfigurationList = 7A5E7A7D2A52BA94001D2EAD /* Build configuration list for PBXNativeTarget "IncubatorProject" */;
			buildPhases = (
				7A5E7A6B2A52BA92001D2EAD /* Sources */,
				7A5E7A6C2A52BA92001D2EAD /* Frameworks */,
				7A5E7A6D2A52BA92001D2EAD /* Resources */,
			);
			buildRules = (
			);
			dependencies = (
			);
			name = IncubatorProject;
			packageProductDependencies = (
				7A0370622A5329F200FB1C54 /* CombineMoya */,
				7A0370642A5329F200FB1C54 /* Moya */,
				7A0370662A5329F200FB1C54 /* ReactiveMoya */,
				7A0370682A5329F200FB1C54 /* RxMoya */,
				7A6F4F432A5D350C00653EFC /* FirebaseAnalytics */,
				7A6F4F452A5D350C00653EFC /* FirebaseAnalyticsOnDeviceConversion */,
				7A6F4F472A5D350C00653EFC /* FirebaseAnalyticsSwift */,
				7A6F4F492A5D350C00653EFC /* FirebaseAnalyticsWithoutAdIdSupport */,
				7A6F4F4B2A5D350C00653EFC /* FirebaseAppCheck */,
				7A6F4F4D2A5D350C00653EFC /* FirebaseAppDistribution-Beta */,
				7A6F4F4F2A5D350C00653EFC /* FirebaseAuth */,
				7A6F4F512A5D350C00653EFC /* FirebaseAuthCombine-Community */,
				7A6F4F532A5D350C00653EFC /* FirebaseCrashlytics */,
				7A6F4F552A5D350C00653EFC /* FirebaseDatabase */,
				7A6F4F572A5D350C00653EFC /* FirebaseDatabaseSwift */,
				7A6F4F592A5D350C00653EFC /* FirebaseDynamicLinks */,
				7A6F4F5B2A5D350C00653EFC /* FirebaseFirestore */,
				7A6F4F5D2A5D350C00653EFC /* FirebaseFirestoreCombine-Community */,
				7A6F4F5F2A5D350C00653EFC /* FirebaseFirestoreSwift */,
				7A6F4F612A5D350C00653EFC /* FirebaseFunctions */,
				7A6F4F632A5D350C00653EFC /* FirebaseFunctionsCombine-Community */,
				7A6F4F652A5D350C00653EFC /* FirebaseInAppMessaging-Beta */,
				7A6F4F672A5D350C00653EFC /* FirebaseInAppMessagingSwift-Beta */,
				7A6F4F692A5D350C00653EFC /* FirebaseInstallations */,
				7A6F4F6B2A5D350C00653EFC /* FirebaseMLModelDownloader */,
				7A6F4F6D2A5D350C00653EFC /* FirebaseMessaging */,
				7A6F4F6F2A5D350C00653EFC /* FirebasePerformance */,
				7A6F4F712A5D350C00653EFC /* FirebaseRemoteConfig */,
				7A6F4F732A5D350C00653EFC /* FirebaseRemoteConfigSwift */,
				7A6F4F752A5D350C00653EFC /* FirebaseStorage */,
				7A6F4F772A5D350C00653EFC /* FirebaseStorageCombine-Community */,
				7A3DD8AF2A67C3D10089DBCC /* iPhoneNumberField */,
			);
			productName = IncubatorProject;
			productReference = 7A5E7A6F2A52BA93001D2EAD /* IncubatorProject.app */;
			productType = "com.apple.product-type.application";
		};
/* End PBXNativeTarget section */

/* Begin PBXProject section */
		7A5E7A672A52BA92001D2EAD /* Project object */ = {
			isa = PBXProject;
			attributes = {
				BuildIndependentTargetsInParallel = 1;
				LastSwiftUpdateCheck = 1430;
				LastUpgradeCheck = 1430;
				TargetAttributes = {
					7A5E7A6E2A52BA92001D2EAD = {
						CreatedOnToolsVersion = 14.3;
					};
				};
			};
			buildConfigurationList = 7A5E7A6A2A52BA92001D2EAD /* Build configuration list for PBXProject "IncubatorProject" */;
			compatibilityVersion = "Xcode 14.0";
			developmentRegion = en;
			hasScannedForEncodings = 0;
			knownRegions = (
				en,
				Base,
			);
			mainGroup = 7A5E7A662A52BA92001D2EAD;
			packageReferences = (
				7A0370612A5329F100FB1C54 /* XCRemoteSwiftPackageReference "Moya" */,
				7A6F4F422A5D350C00653EFC /* XCRemoteSwiftPackageReference "firebase-ios-sdk" */,
				7A3DD8AE2A67C3D10089DBCC /* XCRemoteSwiftPackageReference "iPhoneNumberField" */,
			);
			productRefGroup = 7A5E7A702A52BA93001D2EAD /* Products */;
			projectDirPath = "";
			projectRoot = "";
			targets = (
				7A5E7A6E2A52BA92001D2EAD /* IncubatorProject */,
			);
		};
/* End PBXProject section */

/* Begin PBXResourcesBuildPhase section */
		7A5E7A6D2A52BA92001D2EAD /* Resources */ = {
			isa = PBXResourcesBuildPhase;
			buildActionMask = 2147483647;
			files = (
				7A5E7A7A2A52BA94001D2EAD /* Preview Assets.xcassets in Resources */,
				7A6F4F412A5D341600653EFC /* GoogleService-Info.plist in Resources */,
				7A5E7A772A52BA94001D2EAD /* Assets.xcassets in Resources */,
			);
			runOnlyForDeploymentPostprocessing = 0;
		};
/* End PBXResourcesBuildPhase section */

/* Begin PBXSourcesBuildPhase section */
		7A5E7A6B2A52BA92001D2EAD /* Sources */ = {
			isa = PBXSourcesBuildPhase;
			buildActionMask = 2147483647;
			files = (
				7A03706C2A532A3D00FB1C54 /* APIservice.swift in Sources */,
				7AA5F9EA2A6F8C250030ED44 /* OnBoarding2.swift in Sources */,
				7A5E7ACC2A52E747001D2EAD /* FavouritesScreen.swift in Sources */,
				7A6F4F3F2A5D1DDF00653EFC /* String Extension.swift in Sources */,
				7AA275E62A5C1EF600817D35 /* AccountInformationView.swift in Sources */,
				7A3DD8AC2A655B650089DBCC /* CustomTextField.swift in Sources */,
				7A5E7ACA2A52C0FE001D2EAD /* MainScreen.swift in Sources */,
				7A5E7ABA2A52BDD9001D2EAD /* OnBoardingScreen.swift in Sources */,
				7AA275E82A5C1FF200817D35 /* SubscriptionView.swift in Sources */,
				7A5E7AC02A52BEE7001D2EAD /* WelcomeScreen.swift in Sources */,
				7A6EFDA82A5FB98B002A4E85 /* FavouriteModel.swift in Sources */,
				7A5E7ACE2A52E7FC001D2EAD /* ProfileScreen.swift in Sources */,
				7A5E7A732A52BA93001D2EAD /* IncubatorProjectApp.swift in Sources */,
				7AB853602A5EFEF100900F15 /* MessageModel.swift in Sources */,
				7A5E7ABD2A52BE30001D2EAD /* MainViewModel.swift in Sources */,
				7A4824952A69506500673BA2 /* CititesView.swift in Sources */,
			);
			runOnlyForDeploymentPostprocessing = 0;
		};
/* End PBXSourcesBuildPhase section */

/* Begin XCBuildConfiguration section */
		7A5E7A7B2A52BA94001D2EAD /* Debug */ = {
			isa = XCBuildConfiguration;
			buildSettings = {
				ALWAYS_SEARCH_USER_PATHS = NO;
				CLANG_ANALYZER_NONNULL = YES;
				CLANG_ANALYZER_NUMBER_OBJECT_CONVERSION = YES_AGGRESSIVE;
				CLANG_CXX_LANGUAGE_STANDARD = "gnu++20";
				CLANG_ENABLE_MODULES = YES;
				CLANG_ENABLE_OBJC_ARC = YES;
				CLANG_ENABLE_OBJC_WEAK = YES;
				CLANG_WARN_BLOCK_CAPTURE_AUTORELEASING = YES;
				CLANG_WARN_BOOL_CONVERSION = YES;
				CLANG_WARN_COMMA = YES;
				CLANG_WARN_CONSTANT_CONVERSION = YES;
				CLANG_WARN_DEPRECATED_OBJC_IMPLEMENTATIONS = YES;
				CLANG_WARN_DIRECT_OBJC_ISA_USAGE = YES_ERROR;
				CLANG_WARN_DOCUMENTATION_COMMENTS = YES;
				CLANG_WARN_EMPTY_BODY = YES;
				CLANG_WARN_ENUM_CONVERSION = YES;
				CLANG_WARN_INFINITE_RECURSION = YES;
				CLANG_WARN_INT_CONVERSION = YES;
				CLANG_WARN_NON_LITERAL_NULL_CONVERSION = YES;
				CLANG_WARN_OBJC_IMPLICIT_RETAIN_SELF = YES;
				CLANG_WARN_OBJC_LITERAL_CONVERSION = YES;
				CLANG_WARN_OBJC_ROOT_CLASS = YES_ERROR;
				CLANG_WARN_QUOTED_INCLUDE_IN_FRAMEWORK_HEADER = YES;
				CLANG_WARN_RANGE_LOOP_ANALYSIS = YES;
				CLANG_WARN_STRICT_PROTOTYPES = YES;
				CLANG_WARN_SUSPICIOUS_MOVE = YES;
				CLANG_WARN_UNGUARDED_AVAILABILITY = YES_AGGRESSIVE;
				CLANG_WARN_UNREACHABLE_CODE = YES;
				CLANG_WARN__DUPLICATE_METHOD_MATCH = YES;
				COPY_PHASE_STRIP = NO;
				DEBUG_INFORMATION_FORMAT = dwarf;
				ENABLE_STRICT_OBJC_MSGSEND = YES;
				ENABLE_TESTABILITY = YES;
				GCC_C_LANGUAGE_STANDARD = gnu11;
				GCC_DYNAMIC_NO_PIC = NO;
				GCC_NO_COMMON_BLOCKS = YES;
				GCC_OPTIMIZATION_LEVEL = 0;
				GCC_PREPROCESSOR_DEFINITIONS = (
					"DEBUG=1",
					"$(inherited)",
				);
				GCC_WARN_64_TO_32_BIT_CONVERSION = YES;
				GCC_WARN_ABOUT_RETURN_TYPE = YES_ERROR;
				GCC_WARN_UNDECLARED_SELECTOR = YES;
				GCC_WARN_UNINITIALIZED_AUTOS = YES_AGGRESSIVE;
				GCC_WARN_UNUSED_FUNCTION = YES;
				GCC_WARN_UNUSED_VARIABLE = YES;
				IPHONEOS_DEPLOYMENT_TARGET = 16.4;
				MTL_ENABLE_DEBUG_INFO = INCLUDE_SOURCE;
				MTL_FAST_MATH = YES;
				ONLY_ACTIVE_ARCH = YES;
				SDKROOT = iphoneos;
				SWIFT_ACTIVE_COMPILATION_CONDITIONS = DEBUG;
				SWIFT_OPTIMIZATION_LEVEL = "-Onone";
			};
			name = Debug;
		};
		7A5E7A7C2A52BA94001D2EAD /* Release */ = {
			isa = XCBuildConfiguration;
			buildSettings = {
				ALWAYS_SEARCH_USER_PATHS = NO;
				CLANG_ANALYZER_NONNULL = YES;
				CLANG_ANALYZER_NUMBER_OBJECT_CONVERSION = YES_AGGRESSIVE;
				CLANG_CXX_LANGUAGE_STANDARD = "gnu++20";
				CLANG_ENABLE_MODULES = YES;
				CLANG_ENABLE_OBJC_ARC = YES;
				CLANG_ENABLE_OBJC_WEAK = YES;
				CLANG_WARN_BLOCK_CAPTURE_AUTORELEASING = YES;
				CLANG_WARN_BOOL_CONVERSION = YES;
				CLANG_WARN_COMMA = YES;
				CLANG_WARN_CONSTANT_CONVERSION = YES;
				CLANG_WARN_DEPRECATED_OBJC_IMPLEMENTATIONS = YES;
				CLANG_WARN_DIRECT_OBJC_ISA_USAGE = YES_ERROR;
				CLANG_WARN_DOCUMENTATION_COMMENTS = YES;
				CLANG_WARN_EMPTY_BODY = YES;
				CLANG_WARN_ENUM_CONVERSION = YES;
				CLANG_WARN_INFINITE_RECURSION = YES;
				CLANG_WARN_INT_CONVERSION = YES;
				CLANG_WARN_NON_LITERAL_NULL_CONVERSION = YES;
				CLANG_WARN_OBJC_IMPLICIT_RETAIN_SELF = YES;
				CLANG_WARN_OBJC_LITERAL_CONVERSION = YES;
				CLANG_WARN_OBJC_ROOT_CLASS = YES_ERROR;
				CLANG_WARN_QUOTED_INCLUDE_IN_FRAMEWORK_HEADER = YES;
				CLANG_WARN_RANGE_LOOP_ANALYSIS = YES;
				CLANG_WARN_STRICT_PROTOTYPES = YES;
				CLANG_WARN_SUSPICIOUS_MOVE = YES;
				CLANG_WARN_UNGUARDED_AVAILABILITY = YES_AGGRESSIVE;
				CLANG_WARN_UNREACHABLE_CODE = YES;
				CLANG_WARN__DUPLICATE_METHOD_MATCH = YES;
				COPY_PHASE_STRIP = NO;
				DEBUG_INFORMATION_FORMAT = "dwarf-with-dsym";
				ENABLE_NS_ASSERTIONS = NO;
				ENABLE_STRICT_OBJC_MSGSEND = YES;
				GCC_C_LANGUAGE_STANDARD = gnu11;
				GCC_NO_COMMON_BLOCKS = YES;
				GCC_WARN_64_TO_32_BIT_CONVERSION = YES;
				GCC_WARN_ABOUT_RETURN_TYPE = YES_ERROR;
				GCC_WARN_UNDECLARED_SELECTOR = YES;
				GCC_WARN_UNINITIALIZED_AUTOS = YES_AGGRESSIVE;
				GCC_WARN_UNUSED_FUNCTION = YES;
				GCC_WARN_UNUSED_VARIABLE = YES;
				IPHONEOS_DEPLOYMENT_TARGET = 16.4;
				MTL_ENABLE_DEBUG_INFO = NO;
				MTL_FAST_MATH = YES;
				SDKROOT = iphoneos;
				SWIFT_COMPILATION_MODE = wholemodule;
				SWIFT_OPTIMIZATION_LEVEL = "-O";
				VALIDATE_PRODUCT = YES;
			};
			name = Release;
		};
		7A5E7A7E2A52BA94001D2EAD /* Debug */ = {
			isa = XCBuildConfiguration;
			buildSettings = {
				ASSETCATALOG_COMPILER_APPICON_NAME = AppIcon;
				ASSETCATALOG_COMPILER_GLOBAL_ACCENT_COLOR_NAME = AccentColor;
				CODE_SIGN_STYLE = Automatic;
				CURRENT_PROJECT_VERSION = 1;
				DEVELOPMENT_ASSET_PATHS = "\"IncubatorProject/Preview Content\"";
				DEVELOPMENT_TEAM = A6SAQ5UGJF;
				ENABLE_PREVIEWS = YES;
				GENERATE_INFOPLIST_FILE = YES;
				INFOPLIST_FILE = IncubatorProject/Info.plist;
				INFOPLIST_KEY_UIApplicationSceneManifest_Generation = YES;
				INFOPLIST_KEY_UIApplicationSupportsIndirectInputEvents = YES;
				INFOPLIST_KEY_UILaunchScreen_Generation = YES;
				INFOPLIST_KEY_UISupportedInterfaceOrientations_iPhone = UIInterfaceOrientationPortrait;
				INFOPLIST_KEY_UIUserInterfaceStyle = Light;
				LD_RUNPATH_SEARCH_PATHS = (
					"$(inherited)",
					"@executable_path/Frameworks",
				);
				MARKETING_VERSION = 1.0;
				PRODUCT_BUNDLE_IDENTIFIER = asd.IncubatorProject;
				PRODUCT_NAME = "$(TARGET_NAME)";
				SWIFT_EMIT_LOC_STRINGS = YES;
				SWIFT_VERSION = 5.0;
				TARGETED_DEVICE_FAMILY = "1,2";
			};
			name = Debug;
		};
		7A5E7A7F2A52BA94001D2EAD /* Release */ = {
			isa = XCBuildConfiguration;
			buildSettings = {
				ASSETCATALOG_COMPILER_APPICON_NAME = AppIcon;
				ASSETCATALOG_COMPILER_GLOBAL_ACCENT_COLOR_NAME = AccentColor;
				CODE_SIGN_STYLE = Automatic;
				CURRENT_PROJECT_VERSION = 1;
				DEVELOPMENT_ASSET_PATHS = "\"IncubatorProject/Preview Content\"";
				DEVELOPMENT_TEAM = A6SAQ5UGJF;
				ENABLE_PREVIEWS = YES;
				GENERATE_INFOPLIST_FILE = YES;
				INFOPLIST_FILE = IncubatorProject/Info.plist;
				INFOPLIST_KEY_UIApplicationSceneManifest_Generation = YES;
				INFOPLIST_KEY_UIApplicationSupportsIndirectInputEvents = YES;
				INFOPLIST_KEY_UILaunchScreen_Generation = YES;
				INFOPLIST_KEY_UISupportedInterfaceOrientations_iPhone = UIInterfaceOrientationPortrait;
				INFOPLIST_KEY_UIUserInterfaceStyle = Light;
				LD_RUNPATH_SEARCH_PATHS = (
					"$(inherited)",
					"@executable_path/Frameworks",
				);
				MARKETING_VERSION = 1.0;
				PRODUCT_BUNDLE_IDENTIFIER = asd.IncubatorProject;
				PRODUCT_NAME = "$(TARGET_NAME)";
				SWIFT_EMIT_LOC_STRINGS = YES;
				SWIFT_VERSION = 5.0;
				TARGETED_DEVICE_FAMILY = "1,2";
			};
			name = Release;
		};
/* End XCBuildConfiguration section */

/* Begin XCConfigurationList section */
		7A5E7A6A2A52BA92001D2EAD /* Build configuration list for PBXProject "IncubatorProject" */ = {
			isa = XCConfigurationList;
			buildConfigurations = (
				7A5E7A7B2A52BA94001D2EAD /* Debug */,
				7A5E7A7C2A52BA94001D2EAD /* Release */,
			);
			defaultConfigurationIsVisible = 0;
			defaultConfigurationName = Release;
		};
		7A5E7A7D2A52BA94001D2EAD /* Build configuration list for PBXNativeTarget "IncubatorProject" */ = {
			isa = XCConfigurationList;
			buildConfigurations = (
				7A5E7A7E2A52BA94001D2EAD /* Debug */,
				7A5E7A7F2A52BA94001D2EAD /* Release */,
			);
			defaultConfigurationIsVisible = 0;
			defaultConfigurationName = Release;
		};
/* End XCConfigurationList section */

/* Begin XCRemoteSwiftPackageReference section */
		7A0370612A5329F100FB1C54 /* XCRemoteSwiftPackageReference "Moya" */ = {
			isa = XCRemoteSwiftPackageReference;
			repositoryURL = "https://github.com/Moya/Moya.git";
			requirement = {
				kind = upToNextMajorVersion;
				minimumVersion = 15.0.0;
			};
		};
		7A3DD8AE2A67C3D10089DBCC /* XCRemoteSwiftPackageReference "iPhoneNumberField" */ = {
			isa = XCRemoteSwiftPackageReference;
			repositoryURL = "https://github.com/MojtabaHs/iPhoneNumberField";
			requirement = {
				kind = upToNextMajorVersion;
				minimumVersion = 0.10.1;
			};
		};
		7A6F4F422A5D350C00653EFC /* XCRemoteSwiftPackageReference "firebase-ios-sdk" */ = {
			isa = XCRemoteSwiftPackageReference;
			repositoryURL = "https://github.com/firebase/firebase-ios-sdk";
			requirement = {
				kind = upToNextMajorVersion;
				minimumVersion = 10.0.0;
			};
		};
/* End XCRemoteSwiftPackageReference section */

/* Begin XCSwiftPackageProductDependency section */
		7A0370622A5329F200FB1C54 /* CombineMoya */ = {
			isa = XCSwiftPackageProductDependency;
			package = 7A0370612A5329F100FB1C54 /* XCRemoteSwiftPackageReference "Moya" */;
			productName = CombineMoya;
		};
		7A0370642A5329F200FB1C54 /* Moya */ = {
			isa = XCSwiftPackageProductDependency;
			package = 7A0370612A5329F100FB1C54 /* XCRemoteSwiftPackageReference "Moya" */;
			productName = Moya;
		};
		7A0370662A5329F200FB1C54 /* ReactiveMoya */ = {
			isa = XCSwiftPackageProductDependency;
			package = 7A0370612A5329F100FB1C54 /* XCRemoteSwiftPackageReference "Moya" */;
			productName = ReactiveMoya;
		};
		7A0370682A5329F200FB1C54 /* RxMoya */ = {
			isa = XCSwiftPackageProductDependency;
			package = 7A0370612A5329F100FB1C54 /* XCRemoteSwiftPackageReference "Moya" */;
			productName = RxMoya;
		};
		7A3DD8AF2A67C3D10089DBCC /* iPhoneNumberField */ = {
			isa = XCSwiftPackageProductDependency;
			package = 7A3DD8AE2A67C3D10089DBCC /* XCRemoteSwiftPackageReference "iPhoneNumberField" */;
			productName = iPhoneNumberField;
		};
		7A6F4F432A5D350C00653EFC /* FirebaseAnalytics */ = {
			isa = XCSwiftPackageProductDependency;
			package = 7A6F4F422A5D350C00653EFC /* XCRemoteSwiftPackageReference "firebase-ios-sdk" */;
			productName = FirebaseAnalytics;
		};
		7A6F4F452A5D350C00653EFC /* FirebaseAnalyticsOnDeviceConversion */ = {
			isa = XCSwiftPackageProductDependency;
			package = 7A6F4F422A5D350C00653EFC /* XCRemoteSwiftPackageReference "firebase-ios-sdk" */;
			productName = FirebaseAnalyticsOnDeviceConversion;
		};
		7A6F4F472A5D350C00653EFC /* FirebaseAnalyticsSwift */ = {
			isa = XCSwiftPackageProductDependency;
			package = 7A6F4F422A5D350C00653EFC /* XCRemoteSwiftPackageReference "firebase-ios-sdk" */;
			productName = FirebaseAnalyticsSwift;
		};
		7A6F4F492A5D350C00653EFC /* FirebaseAnalyticsWithoutAdIdSupport */ = {
			isa = XCSwiftPackageProductDependency;
			package = 7A6F4F422A5D350C00653EFC /* XCRemoteSwiftPackageReference "firebase-ios-sdk" */;
			productName = FirebaseAnalyticsWithoutAdIdSupport;
		};
		7A6F4F4B2A5D350C00653EFC /* FirebaseAppCheck */ = {
			isa = XCSwiftPackageProductDependency;
			package = 7A6F4F422A5D350C00653EFC /* XCRemoteSwiftPackageReference "firebase-ios-sdk" */;
			productName = FirebaseAppCheck;
		};
		7A6F4F4D2A5D350C00653EFC /* FirebaseAppDistribution-Beta */ = {
			isa = XCSwiftPackageProductDependency;
			package = 7A6F4F422A5D350C00653EFC /* XCRemoteSwiftPackageReference "firebase-ios-sdk" */;
			productName = "FirebaseAppDistribution-Beta";
		};
		7A6F4F4F2A5D350C00653EFC /* FirebaseAuth */ = {
			isa = XCSwiftPackageProductDependency;
			package = 7A6F4F422A5D350C00653EFC /* XCRemoteSwiftPackageReference "firebase-ios-sdk" */;
			productName = FirebaseAuth;
		};
		7A6F4F512A5D350C00653EFC /* FirebaseAuthCombine-Community */ = {
			isa = XCSwiftPackageProductDependency;
			package = 7A6F4F422A5D350C00653EFC /* XCRemoteSwiftPackageReference "firebase-ios-sdk" */;
			productName = "FirebaseAuthCombine-Community";
		};
		7A6F4F532A5D350C00653EFC /* FirebaseCrashlytics */ = {
			isa = XCSwiftPackageProductDependency;
			package = 7A6F4F422A5D350C00653EFC /* XCRemoteSwiftPackageReference "firebase-ios-sdk" */;
			productName = FirebaseCrashlytics;
		};
		7A6F4F552A5D350C00653EFC /* FirebaseDatabase */ = {
			isa = XCSwiftPackageProductDependency;
			package = 7A6F4F422A5D350C00653EFC /* XCRemoteSwiftPackageReference "firebase-ios-sdk" */;
			productName = FirebaseDatabase;
		};
		7A6F4F572A5D350C00653EFC /* FirebaseDatabaseSwift */ = {
			isa = XCSwiftPackageProductDependency;
			package = 7A6F4F422A5D350C00653EFC /* XCRemoteSwiftPackageReference "firebase-ios-sdk" */;
			productName = FirebaseDatabaseSwift;
		};
		7A6F4F592A5D350C00653EFC /* FirebaseDynamicLinks */ = {
			isa = XCSwiftPackageProductDependency;
			package = 7A6F4F422A5D350C00653EFC /* XCRemoteSwiftPackageReference "firebase-ios-sdk" */;
			productName = FirebaseDynamicLinks;
		};
		7A6F4F5B2A5D350C00653EFC /* FirebaseFirestore */ = {
			isa = XCSwiftPackageProductDependency;
			package = 7A6F4F422A5D350C00653EFC /* XCRemoteSwiftPackageReference "firebase-ios-sdk" */;
			productName = FirebaseFirestore;
		};
		7A6F4F5D2A5D350C00653EFC /* FirebaseFirestoreCombine-Community */ = {
			isa = XCSwiftPackageProductDependency;
			package = 7A6F4F422A5D350C00653EFC /* XCRemoteSwiftPackageReference "firebase-ios-sdk" */;
			productName = "FirebaseFirestoreCombine-Community";
		};
		7A6F4F5F2A5D350C00653EFC /* FirebaseFirestoreSwift */ = {
			isa = XCSwiftPackageProductDependency;
			package = 7A6F4F422A5D350C00653EFC /* XCRemoteSwiftPackageReference "firebase-ios-sdk" */;
			productName = FirebaseFirestoreSwift;
		};
		7A6F4F612A5D350C00653EFC /* FirebaseFunctions */ = {
			isa = XCSwiftPackageProductDependency;
			package = 7A6F4F422A5D350C00653EFC /* XCRemoteSwiftPackageReference "firebase-ios-sdk" */;
			productName = FirebaseFunctions;
		};
		7A6F4F632A5D350C00653EFC /* FirebaseFunctionsCombine-Community */ = {
			isa = XCSwiftPackageProductDependency;
			package = 7A6F4F422A5D350C00653EFC /* XCRemoteSwiftPackageReference "firebase-ios-sdk" */;
			productName = "FirebaseFunctionsCombine-Community";
		};
		7A6F4F652A5D350C00653EFC /* FirebaseInAppMessaging-Beta */ = {
			isa = XCSwiftPackageProductDependency;
			package = 7A6F4F422A5D350C00653EFC /* XCRemoteSwiftPackageReference "firebase-ios-sdk" */;
			productName = "FirebaseInAppMessaging-Beta";
		};
		7A6F4F672A5D350C00653EFC /* FirebaseInAppMessagingSwift-Beta */ = {
			isa = XCSwiftPackageProductDependency;
			package = 7A6F4F422A5D350C00653EFC /* XCRemoteSwiftPackageReference "firebase-ios-sdk" */;
			productName = "FirebaseInAppMessagingSwift-Beta";
		};
		7A6F4F692A5D350C00653EFC /* FirebaseInstallations */ = {
			isa = XCSwiftPackageProductDependency;
			package = 7A6F4F422A5D350C00653EFC /* XCRemoteSwiftPackageReference "firebase-ios-sdk" */;
			productName = FirebaseInstallations;
		};
		7A6F4F6B2A5D350C00653EFC /* FirebaseMLModelDownloader */ = {
			isa = XCSwiftPackageProductDependency;
			package = 7A6F4F422A5D350C00653EFC /* XCRemoteSwiftPackageReference "firebase-ios-sdk" */;
			productName = FirebaseMLModelDownloader;
		};
		7A6F4F6D2A5D350C00653EFC /* FirebaseMessaging */ = {
			isa = XCSwiftPackageProductDependency;
			package = 7A6F4F422A5D350C00653EFC /* XCRemoteSwiftPackageReference "firebase-ios-sdk" */;
			productName = FirebaseMessaging;
		};
		7A6F4F6F2A5D350C00653EFC /* FirebasePerformance */ = {
			isa = XCSwiftPackageProductDependency;
			package = 7A6F4F422A5D350C00653EFC /* XCRemoteSwiftPackageReference "firebase-ios-sdk" */;
			productName = FirebasePerformance;
		};
		7A6F4F712A5D350C00653EFC /* FirebaseRemoteConfig */ = {
			isa = XCSwiftPackageProductDependency;
			package = 7A6F4F422A5D350C00653EFC /* XCRemoteSwiftPackageReference "firebase-ios-sdk" */;
			productName = FirebaseRemoteConfig;
		};
		7A6F4F732A5D350C00653EFC /* FirebaseRemoteConfigSwift */ = {
			isa = XCSwiftPackageProductDependency;
			package = 7A6F4F422A5D350C00653EFC /* XCRemoteSwiftPackageReference "firebase-ios-sdk" */;
			productName = FirebaseRemoteConfigSwift;
		};
		7A6F4F752A5D350C00653EFC /* FirebaseStorage */ = {
			isa = XCSwiftPackageProductDependency;
			package = 7A6F4F422A5D350C00653EFC /* XCRemoteSwiftPackageReference "firebase-ios-sdk" */;
			productName = FirebaseStorage;
		};
		7A6F4F772A5D350C00653EFC /* FirebaseStorageCombine-Community */ = {
			isa = XCSwiftPackageProductDependency;
			package = 7A6F4F422A5D350C00653EFC /* XCRemoteSwiftPackageReference "firebase-ios-sdk" */;
			productName = "FirebaseStorageCombine-Community";
		};
/* End XCSwiftPackageProductDependency section */
	};
	rootObject = 7A5E7A672A52BA92001D2EAD /* Project object */;
}
